
Microsoft Visual Studio Solution File, Format Version 12.00
# Visual Studio Version 17
VisualStudioVersion = 17.6.33829.357
MinimumVisualStudioVersion = 10.0.40219.1
Project("{9A19103F-16F7-4668-BE54-9A1E7A4F7556}") = "01_Nullable", "01_Nullable\01_Nullable.csproj", "{58306E8B-EF69-454C-98DD-6F44211F0C04}"
EndProject
Project("{9A19103F-16F7-4668-BE54-9A1E7A4F7556}") = "02_Nullable_Reference&Code_Review", "02_Nullable_Reference&Code_Review\02_Nullable_Reference&Code_Review.csproj", "{37470139-07D4-489E-8E7B-BA67651F8A2C}"
EndProject
Project("{9A19103F-16F7-4668-BE54-9A1E7A4F7556}") = "03_API_Practice", "03_API_Practice\03_API_Practice.csproj", "{DDB4EEDE-8BB4-40C5-8B14-BA72737FD88B}"
EndProject
Project("{9A19103F-16F7-4668-BE54-9A1E7A4F7556}") = "04_API_Practice_2", "04_API_Practice_2\04_API_Practice_2.csproj", "{036D0DC6-B8C7-42F5-B499-B675A75D9C71}"
EndProject
Project("{9A19103F-16F7-4668-BE54-9A1E7A4F7556}") = "05_StarWars_PlanetsStats_Assignment", "05_StarWarsO=PlanetsStats_Assignment\05_StarWars_PlanetsStats_Assignment.csproj", "{61A36854-1A6F-4361-83A0-DFB18C268E7C}"
EndProject
Project("{FAE04EC0-301F-11D3-BF4B-00C04F79EFBC}") = "06_SttarWars_PlanetsStats_SampleSolution", "06_SttarWars_PlanetsStats_SampleSolution\06_SttarWars_PlanetsStats_SampleSolution.csproj", "{6242DBA5-42E9-4C4B-BA63-2ECF6891A1CC}"
EndProject
Global
	GlobalSection(SolutionConfigurationPlatforms) = preSolution
		Debug|Any CPU = Debug|Any CPU
		Release|Any CPU = Release|Any CPU
	EndGlobalSection
	GlobalSection(ProjectConfigurationPlatforms) = postSolution
		{58306E8B-EF69-454C-98DD-6F44211F0C04}.Debug|Any CPU.ActiveCfg = Debug|Any CPU
		{58306E8B-EF69-454C-98DD-6F44211F0C04}.Debug|Any CPU.Build.0 = Debug|Any CPU
		{58306E8B-EF69-454C-98DD-6F44211F0C04}.Release|Any CPU.ActiveCfg = Release|Any CPU
		{58306E8B-EF69-454C-98DD-6F44211F0C04}.Release|Any CPU.Build.0 = Release|Any CPU
		{37470139-07D4-489E-8E7B-BA67651F8A2C}.Debug|Any CPU.ActiveCfg = Debug|Any CPU
		{37470139-07D4-489E-8E7B-BA67651F8A2C}.Debug|Any CPU.Build.0 = Debug|Any CPU
		{37470139-07D4-489E-8E7B-BA67651F8A2C}.Release|Any CPU.ActiveCfg = Release|Any CPU
		{37470139-07D4-489E-8E7B-BA67651F8A2C}.Release|Any CPU.Build.0 = Release|Any CPU
		{DDB4EEDE-8BB4-40C5-8B14-BA72737FD88B}.Debug|Any CPU.ActiveCfg = Debug|Any CPU
		{DDB4EEDE-8BB4-40C5-8B14-BA72737FD88B}.Debug|Any CPU.Build.0 = Debug|Any CPU
		{DDB4EEDE-8BB4-40C5-8B14-BA72737FD88B}.Release|Any CPU.ActiveCfg = Release|Any CPU
		{DDB4EEDE-8BB4-40C5-8B14-BA72737FD88B}.Release|Any CPU.Build.0 = Release|Any CPU
		{036D0DC6-B8C7-42F5-B499-B675A75D9C71}.Debug|Any CPU.ActiveCfg = Debug|Any CPU
		{036D0DC6-B8C7-42F5-B499-B675A75D9C71}.Debug|Any CPU.Build.0 = Debug|Any CPU
		{036D0DC6-B8C7-42F5-B499-B675A75D9C71}.Release|Any CPU.ActiveCfg = Release|Any CPU
		{036D0DC6-B8C7-42F5-B499-B675A75D9C71}.Release|Any CPU.Build.0 = Release|Any CPU
		{61A36854-1A6F-4361-83A0-DFB18C268E7C}.Debug|Any CPU.ActiveCfg = Debug|Any CPU
		{61A36854-1A6F-4361-83A0-DFB18C268E7C}.Debug|Any CPU.Build.0 = Debug|Any CPU
		{61A36854-1A6F-4361-83A0-DFB18C268E7C}.Release|Any CPU.ActiveCfg = Release|Any CPU
		{61A36854-1A6F-4361-83A0-DFB18C268E7C}.Release|Any CPU.Build.0 = Release|Any CPU
		{6242DBA5-42E9-4C4B-BA63-2ECF6891A1CC}.Debug|Any CPU.ActiveCfg = Debug|Any CPU
		{6242DBA5-42E9-4C4B-BA63-2ECF6891A1CC}.Debug|Any CPU.Build.0 = Debug|Any CPU
		{6242DBA5-42E9-4C4B-BA63-2ECF6891A1CC}.Release|Any CPU.ActiveCfg = Release|Any CPU
		{6242DBA5-42E9-4C4B-BA63-2ECF6891A1CC}.Release|Any CPU.Build.0 = Release|Any CPU
	EndGlobalSection
	GlobalSection(SolutionProperties) = preSolution
		HideSolutionNode = FALSE
	EndGlobalSection
	GlobalSection(ExtensibilityGlobals) = postSolution
		SolutionGuid = {6DAA8CC2-CB4C-47D3-ADE2-4B58B08DFB53}
	EndGlobalSection
EndGlobal
